
Microsoft Visual Studio Solution File, Format Version 12.00
# Visual Studio 15
VisualStudioVersion = 15.0.27004.2008
MinimumVisualStudioVersion = 10.0.40219.1
Project("{FAE04EC0-301F-11D3-BF4B-00C04F79EFBC}") = "GM.WPF", "GM.WPF\GM.WPF.csproj", "{0549056C-405D-486B-992C-AEC7F23635AE}"
EndProject
Project("{FAE04EC0-301F-11D3-BF4B-00C04F79EFBC}") = "GM.WPF.Test", "GM.WPF.Test\GM.WPF.Test.csproj", "{9A9ECDFC-18C2-4808-B2DB-04F5F28CF350}"
EndProject
Global
	GlobalSection(SolutionConfigurationPlatforms) = preSolution
		Debug|Any CPU = Debug|Any CPU
		Release|Any CPU = Release|Any CPU
	EndGlobalSection
	GlobalSection(ProjectConfigurationPlatforms) = postSolution
		{0549056C-405D-486B-992C-AEC7F23635AE}.Debug|Any CPU.ActiveCfg = Debug|Any CPU
		{0549056C-405D-486B-992C-AEC7F23635AE}.Debug|Any CPU.Build.0 = Debug|Any CPU
		{0549056C-405D-486B-992C-AEC7F23635AE}.Release|Any CPU.ActiveCfg = Release|Any CPU
		{0549056C-405D-486B-992C-AEC7F23635AE}.Release|Any CPU.Build.0 = Release|Any CPU
		{9A9ECDFC-18C2-4808-B2DB-04F5F28CF350}.Debug|Any CPU.ActiveCfg = Debug|Any CPU
		{9A9ECDFC-18C2-4808-B2DB-04F5F28CF350}.Debug|Any CPU.Build.0 = Debug|Any CPU
		{9A9ECDFC-18C2-4808-B2DB-04F5F28CF350}.Release|Any CPU.ActiveCfg = Release|Any CPU
		{9A9ECDFC-18C2-4808-B2DB-04F5F28CF350}.Release|Any CPU.Build.0 = Release|Any CPU
	EndGlobalSection
	GlobalSection(SolutionProperties) = preSolution
		HideSolutionNode = FALSE
	EndGlobalSection
	GlobalSection(ExtensibilityGlobals) = postSolution
		SolutionGuid = {E20E078A-638C-4943-BE19-CAEC7B0FA8AC}
	EndGlobalSection
EndGlobal
